
Microsoft Visual Studio Solution File, Format Version 12.00
# Visual Studio Version 17
VisualStudioVersion = 17.9.34616.47
MinimumVisualStudioVersion = 10.0.40219.1
Project("{FAE04EC0-301F-11D3-BF4B-00C04F79EFBC}") = "DiamondKata", "DiamondKata.csproj", "{DE5F78CD-F42B-40BB-9BF5-4DD21395418E}"
EndProject
Project("{FAE04EC0-301F-11D3-BF4B-00C04F79EFBC}") = "DiamondKataTests", "..\DiamondKataTests\DiamondKataTests.csproj", "{DAEE23C8-F322-4038-BA76-74EB6C456EA2}"
EndProject
Global
	GlobalSection(SolutionConfigurationPlatforms) = preSolution
		Debug|Any CPU = Debug|Any CPU
		Release|Any CPU = Release|Any CPU
	EndGlobalSection
	GlobalSection(ProjectConfigurationPlatforms) = postSolution
		{DE5F78CD-F42B-40BB-9BF5-4DD21395418E}.Debug|Any CPU.ActiveCfg = Debug|Any CPU
		{DE5F78CD-F42B-40BB-9BF5-4DD21395418E}.Debug|Any CPU.Build.0 = Debug|Any CPU
		{DE5F78CD-F42B-40BB-9BF5-4DD21395418E}.Release|Any CPU.ActiveCfg = Release|Any CPU
		{DE5F78CD-F42B-40BB-9BF5-4DD21395418E}.Release|Any CPU.Build.0 = Release|Any CPU
		{DAEE23C8-F322-4038-BA76-74EB6C456EA2}.Debug|Any CPU.ActiveCfg = Debug|Any CPU
		{DAEE23C8-F322-4038-BA76-74EB6C456EA2}.Debug|Any CPU.Build.0 = Debug|Any CPU
		{DAEE23C8-F322-4038-BA76-74EB6C456EA2}.Release|Any CPU.ActiveCfg = Release|Any CPU
		{DAEE23C8-F322-4038-BA76-74EB6C456EA2}.Release|Any CPU.Build.0 = Release|Any CPU
	EndGlobalSection
	GlobalSection(SolutionProperties) = preSolution
		HideSolutionNode = FALSE
	EndGlobalSection
	GlobalSection(ExtensibilityGlobals) = postSolution
		SolutionGuid = {24FAD8DA-2EF8-4017-BCE5-BBDC1C18BF9B}
	EndGlobalSection
EndGlobal
